
Microsoft Visual Studio Solution File, Format Version 11.00
# Visual Studio 2010
Project("{8BC9CEB8-8B4A-11D0-8D11-00A0C91BC942}") = "hexeract", "hexeract\hexeract.vcxproj", "{A1271393-9685-4145-A559-E72D8151021E}"
EndProject
Project("{8BC9CEB8-8B4A-11D0-8D11-00A0C91BC942}") = "example1", "example1\example1.vcxproj", "{62A69480-9D09-4EC5-8306-5AAE8501CAEB}"
EndProject
Global
	GlobalSection(SolutionConfigurationPlatforms) = preSolution
		Debug|Win32 = Debug|Win32
		Release|Win32 = Release|Win32
	EndGlobalSection
	GlobalSection(ProjectConfigurationPlatforms) = postSolution
		{A1271393-9685-4145-A559-E72D8151021E}.Debug|Win32.ActiveCfg = Debug|Win32
		{A1271393-9685-4145-A559-E72D8151021E}.Debug|Win32.Build.0 = Debug|Win32
		{A1271393-9685-4145-A559-E72D8151021E}.Release|Win32.ActiveCfg = Release|Win32
		{A1271393-9685-4145-A559-E72D8151021E}.Release|Win32.Build.0 = Release|Win32
		{62A69480-9D09-4EC5-8306-5AAE8501CAEB}.Debug|Win32.ActiveCfg = Debug|Win32
		{62A69480-9D09-4EC5-8306-5AAE8501CAEB}.Debug|Win32.Build.0 = Debug|Win32
		{62A69480-9D09-4EC5-8306-5AAE8501CAEB}.Release|Win32.ActiveCfg = Release|Win32
		{62A69480-9D09-4EC5-8306-5AAE8501CAEB}.Release|Win32.Build.0 = Release|Win32
	EndGlobalSection
	GlobalSection(SolutionProperties) = preSolution
		HideSolutionNode = FALSE
	EndGlobalSection
EndGlobal
